# T14-LNX-CUDA-01：CPython 3.12、Linux x86_64、CUDA 12.8、cuDNN 9。
# 官方来源均为 PyPI；安装到隔离环境：
# python3.12 -m pip install --require-hashes -r evidence/tooling/cuda-requirements.lock
flatbuffers==25.2.10 --hash=sha256:ebba5f4d5ea615af3f7fd70fc310636fbb2bbd1f566ac0a23d98dd412de50051
numpy==2.2.3 --hash=sha256:3b787adbf04b0db1967798dba8da1af07e387908ed1553a0d6e74c084d1ceafe
onnxruntime-gpu==1.26.0 --hash=sha256:3c01119ed4d9449d60367fa8ccffcd02bd3fe736754284e4b198d131f54edad6
packaging==24.2 --hash=sha256:09abb1bccd265c01f4a3aa3f7a7db064b36514d2cba19a2f694fe6150451a759
protobuf==5.29.3 --hash=sha256:0a18ed4a24198528f2333802eb075e59dea9d679ab7a6c5efb017a59004d849f
nvidia-cublas-cu12==12.8.4.1 --hash=sha256:8ac4e771d5a348c551b2a426eda6193c19aa630236b418086020df5ba9667142
nvidia-cuda-nvrtc-cu12==12.8.93 --hash=sha256:a7756528852ef889772a84c6cd89d41dfa74667e24cca16bb31f8f061e3e9994
nvidia-cuda-runtime-cu12==12.8.90 --hash=sha256:adade8dcbd0edf427b7204d480d6066d33902cab2a4707dcfc48a2d0fd44ab90
nvidia-cudnn-cu12==9.10.2.21 --hash=sha256:949452be657fa16687d0930933f032835951ef0892b37d2d53824d1a84dc97a8
nvidia-cufft-cu12==11.3.3.83 --hash=sha256:4d2dd21ec0b88cf61b62e6b43564355e5222e4a3fb394cac0db101f2dd0d4f74
nvidia-curand-cu12==10.3.9.90 --hash=sha256:b32331d4f4df5d6eefa0554c565b626c7216f87a06a4f56fab27c3b68a830ec9
nvidia-nvjitlink-cu12==12.8.93 --hash=sha256:81ff63371a7ebd6e6451970684f916be2eab07321b73c9d244dc2b4da7f73b88
