# 由 evidence/scripts/lock_python_tooling.mjs 生成。
# 适用平台：CPython 3.12、Linux x86_64；安装命令见 evidence/README.md。
ai-edge-litert==2.1.6 --hash=sha256:0156d9051c9a2500cd4c4ecedb77676eff0b45bd8efb1001e8e730a8cd0db4ee
attrs==25.3.0 --hash=sha256:427318ce031701fea540783410126f03899a97ffc6f61596ad581ac2e40e3bc3
backports.strenum==1.3.1 --hash=sha256:cdcfe36dc897e2615dc793b7d3097f54d359918fc448754a517e6f23044ccf83
cattrs==24.1.3 --hash=sha256:adf957dddd26840f27ffbd060a6c4dd3b2192c5b7c2c0525ef1bd8131d8a83f5
coremltools==9.0 --hash=sha256:99a101085a7919de9f1c18e514c17d2b3e6a06ad4f7a35aae9515ad47f5a843f
flatbuffers==25.2.10 --hash=sha256:ebba5f4d5ea615af3f7fd70fc310636fbb2bbd1f566ac0a23d98dd412de50051
ml-dtypes==0.5.4 --hash=sha256:9ad459e99793fa6e13bd5b7e6792c8f9190b4e5a1b45c63aba14a4d0a7f1d5ff
mpmath==1.3.0 --hash=sha256:a0b2b9fe80bbcd81a6647ff13108738cfb482d481d826cc0e02f5b35e5c88d2c
numpy==2.2.3 --hash=sha256:3b787adbf04b0db1967798dba8da1af07e387908ed1553a0d6e74c084d1ceafe
onnx==1.22.0 --hash=sha256:955e02e1f6d385b53d52f9cd7b9cdf5caf417c300bcfe3c64c6d542be763845b
onnxruntime==1.27.0 --hash=sha256:7c65a7438632d55dfbc8a02ee60bd6cf7dd9d1ba05a43d4b851452f32338e194
packaging==24.2 --hash=sha256:09abb1bccd265c01f4a3aa3f7a7db064b36514d2cba19a2f694fe6150451a759
protobuf==5.29.3 --hash=sha256:c027e08a08be10b67c06bf2370b99c811c466398c357e615ca88c91c07f0910f
pyaml==25.7.0 --hash=sha256:ce5d7867cc2b455efdb9b0448324ff7b9f74d99f64650f12ca570102db6b985f
pyyaml==6.0.2 --hash=sha256:80bab7bfc629882493af4aa31a4cfa43a4c57c83813253626916b8c7ada83476
sympy==1.13.3 --hash=sha256:54612cf55a62755ee71824ce692986f23c88ffa77207b30c1368eda4a7060f73
tqdm==4.67.1 --hash=sha256:26445eca388f82e72884e0d580d5464cd801a3ea01e63e5601bdff9ba6a48de2
typing-extensions==4.15.0 --hash=sha256:f0fa19c6845758ab08074a0cfa8b7aecb71c999ca73d62883bc25cc018c4e548
