{
  "version": 1,
  "dependencies": {
    "net8.0-windows10.0.17763": {
      "Microsoft.Windows.AI.MachineLearning": {
        "type": "Direct",
        "requested": "[2.1.74, 2.1.74]",
        "resolved": "2.1.74",
        "contentHash": "/Z1yAQ0J53eD1RrOl5anTDS0UQOgneERY//hLljwGcWeUX9ynCvOl5qUxAsfWvwsZZGcvV4WKjAvnAtA6N5i+w==",
        "dependencies": {
          "System.Numerics.Tensors": "9.0.0"
        }
      },
      "Microsoft.WindowsAppSDK.ML": {
        "type": "Direct",
        "requested": "[2.1.74, 2.1.74]",
        "resolved": "2.1.74",
        "contentHash": "9Vd1ikH+n6pbqhgmCn+zNulJ6gIp9Hz9bC++ka1Uphh2gule6HiT6Jr25N/fQoEc4I9xOTKkn3DtlcpHlcocaw==",
        "dependencies": {
          "Microsoft.Windows.AI.MachineLearning": "[2.1.74, 3.0.0)",
          "Microsoft.WindowsAppSDK.Base": "2.0.4",
          "Microsoft.WindowsAppSDK.Foundation": "2.0.21"
        }
      },
      "Microsoft.Windows.SDK.BuildTools": {
        "type": "Transitive",
        "resolved": "10.0.26100.4654",
        "contentHash": "2mgcOlj/t2RfSyyw+pVESfO+Tk1RkfQzto9Vrq42M1lUQIfQEwbi8QLha9GXWIOj+TFzeHIEJckIoF25mgiM8A=="
      },
      "Microsoft.Windows.SDK.BuildTools.MSIX": {
        "type": "Transitive",
        "resolved": "1.7.251221100",
        "contentHash": "f4aIZJ0NUth2403oxrpR+9rxVzZVI6dabqB21u8ncnk8eJAKCs9m77E4iYAnvP1YwrRe4axz3f8+yUcttNSfEA=="
      },
      "Microsoft.WindowsAppSDK.Base": {
        "type": "Transitive",
        "resolved": "2.0.4",
        "contentHash": "QXSy2llX2/Bx9dYWGUEsb10F40q94ZiDnPMzqa2/qRmTG4y9EXxGp6uHITb7c0b4FCa+6KFBlgh6D53M0QEMEg==",
        "dependencies": {
          "Microsoft.Windows.SDK.BuildTools": "10.0.26100.4654",
          "Microsoft.Windows.SDK.BuildTools.MSIX": "1.7.251221100"
        }
      },
      "Microsoft.WindowsAppSDK.Foundation": {
        "type": "Transitive",
        "resolved": "2.0.21",
        "contentHash": "Wzr4c9dSXXcNQw67wVmy+32FXW6+TLyrQHD5eZXAjNydMsLRMZjUXzD1qQgBg1bdgzjlkYnOyYqoXbOL6lfqkw==",
        "dependencies": {
          "Microsoft.WindowsAppSDK.Base": "2.0.4",
          "Microsoft.WindowsAppSDK.InteractiveExperiences": "2.0.13"
        }
      },
      "Microsoft.WindowsAppSDK.InteractiveExperiences": {
        "type": "Transitive",
        "resolved": "2.0.13",
        "contentHash": "jxzb2F0thCzUhxX3EMthKyxMaWINGSAf1/uMfS3pyCODCzHoR39LUQE22DZDAmMJEM4pebCnIj2PYRQjSuy65Q==",
        "dependencies": {
          "Microsoft.WindowsAppSDK.Base": "2.0.3"
        }
      },
      "System.Numerics.Tensors": {
        "type": "Transitive",
        "resolved": "9.0.0",
        "contentHash": "hyJB4UlpAi19Xr9AXzu2NuagKC4lPfHObNMEAA0HmqFz2rX7wKgzeYzO/jM/eBHDhnUGFFEjk5cOoJaxqg5J4A=="
      }
    },
    "net8.0-windows10.0.17763/win-arm64": {
      "Microsoft.Windows.AI.MachineLearning": {
        "type": "Direct",
        "requested": "[2.1.74, 2.1.74]",
        "resolved": "2.1.74",
        "contentHash": "/Z1yAQ0J53eD1RrOl5anTDS0UQOgneERY//hLljwGcWeUX9ynCvOl5qUxAsfWvwsZZGcvV4WKjAvnAtA6N5i+w==",
        "dependencies": {
          "System.Numerics.Tensors": "9.0.0"
        }
      },
      "Microsoft.WindowsAppSDK.Foundation": {
        "type": "Transitive",
        "resolved": "2.0.21",
        "contentHash": "Wzr4c9dSXXcNQw67wVmy+32FXW6+TLyrQHD5eZXAjNydMsLRMZjUXzD1qQgBg1bdgzjlkYnOyYqoXbOL6lfqkw==",
        "dependencies": {
          "Microsoft.WindowsAppSDK.Base": "2.0.4",
          "Microsoft.WindowsAppSDK.InteractiveExperiences": "2.0.13"
        }
      }
    },
    "net8.0-windows10.0.17763/win-x64": {
      "Microsoft.Windows.AI.MachineLearning": {
        "type": "Direct",
        "requested": "[2.1.74, 2.1.74]",
        "resolved": "2.1.74",
        "contentHash": "/Z1yAQ0J53eD1RrOl5anTDS0UQOgneERY//hLljwGcWeUX9ynCvOl5qUxAsfWvwsZZGcvV4WKjAvnAtA6N5i+w==",
        "dependencies": {
          "System.Numerics.Tensors": "9.0.0"
        }
      },
      "Microsoft.WindowsAppSDK.Foundation": {
        "type": "Transitive",
        "resolved": "2.0.21",
        "contentHash": "Wzr4c9dSXXcNQw67wVmy+32FXW6+TLyrQHD5eZXAjNydMsLRMZjUXzD1qQgBg1bdgzjlkYnOyYqoXbOL6lfqkw==",
        "dependencies": {
          "Microsoft.WindowsAppSDK.Base": "2.0.4",
          "Microsoft.WindowsAppSDK.InteractiveExperiences": "2.0.13"
        }
      }
    }
  }
}